
Microsoft Visual Studio Solution File, Format Version 12.00
# Visual Studio Version 17
VisualStudioVersion = 17.1.32407.343
MinimumVisualStudioVersion = 10.0.40219.1
Project("{FAE04EC0-301F-11D3-BF4B-00C04F79EFBC}") = "AssignmentsCodeLibrary", "AssignmentsCodeLibrary\AssignmentsCodeLibrary.csproj", "{A936C90B-EC96-44AE-890C-E11EC3409936}"
EndProject
Project("{FAE04EC0-301F-11D3-BF4B-00C04F79EFBC}") = "AssignmentsConsoleApp", "AssignmentsConsoleApp\AssignmentsConsoleApp.csproj", "{B9829AA7-9D02-40A4-BBD0-DB3C614219A4}"
EndProject
Global
	GlobalSection(SolutionConfigurationPlatforms) = preSolution
		Debug|Any CPU = Debug|Any CPU
		Release|Any CPU = Release|Any CPU
	EndGlobalSection
	GlobalSection(ProjectConfigurationPlatforms) = postSolution
		{A936C90B-EC96-44AE-890C-E11EC3409936}.Debug|Any CPU.ActiveCfg = Debug|Any CPU
		{A936C90B-EC96-44AE-890C-E11EC3409936}.Debug|Any CPU.Build.0 = Debug|Any CPU
		{A936C90B-EC96-44AE-890C-E11EC3409936}.Release|Any CPU.ActiveCfg = Release|Any CPU
		{A936C90B-EC96-44AE-890C-E11EC3409936}.Release|Any CPU.Build.0 = Release|Any CPU
		{B9829AA7-9D02-40A4-BBD0-DB3C614219A4}.Debug|Any CPU.ActiveCfg = Debug|Any CPU
		{B9829AA7-9D02-40A4-BBD0-DB3C614219A4}.Debug|Any CPU.Build.0 = Debug|Any CPU
		{B9829AA7-9D02-40A4-BBD0-DB3C614219A4}.Release|Any CPU.ActiveCfg = Release|Any CPU
		{B9829AA7-9D02-40A4-BBD0-DB3C614219A4}.Release|Any CPU.Build.0 = Release|Any CPU
	EndGlobalSection
	GlobalSection(SolutionProperties) = preSolution
		HideSolutionNode = FALSE
	EndGlobalSection
	GlobalSection(ExtensibilityGlobals) = postSolution
		SolutionGuid = {E2D74E7C-2D3C-4584-8E64-BB6DD88806A6}
	EndGlobalSection
EndGlobal
